
Microsoft Visual Studio Solution File, Format Version 12.00
# Visual Studio 15
VisualStudioVersion = 15.0.28010.2019
MinimumVisualStudioVersion = 10.0.40219.1
Project("{FAE04EC0-301F-11D3-BF4B-00C04F79EFBC}") = "PTNAcessOp", "PTN接入层巡检工具\PTNAcessOp.csproj", "{F7C979B4-CC9A-4F07-B83E-316896523524}"
EndProject
Project("{FAE04EC0-301F-11D3-BF4B-00C04F79EFBC}") = "LTEMerge", "LTEMerge\LTEMerge.csproj", "{FFEDB1AF-72D9-4471-AA8F-BDF037F497C3}"
EndProject
Project("{FAE04EC0-301F-11D3-BF4B-00C04F79EFBC}") = "PTNAcessInspection", "PTNAcessInspection\PTNAcessInspection.csproj", "{30E614F8-3C70-4B00-B6B2-E5506AB55F0C}"
EndProject
Project("{FAE04EC0-301F-11D3-BF4B-00C04F79EFBC}") = "FiberWarning", "FiberWarning\FiberWarning.csproj", "{06A2C0A3-03C1-4A7B-B744-103478C71D63}"
EndProject
Project("{FAE04EC0-301F-11D3-BF4B-00C04F79EFBC}") = "SDHReadFiber-SDH20200312", "PTNReadFiber\SDHReadFiber-SDH20200312.csproj", "{E18D1A16-BED6-4548-9AA4-FB3C7BC58A8D}"
EndProject
Project("{FAE04EC0-301F-11D3-BF4B-00C04F79EFBC}") = "Test", "Test\Test.csproj", "{8D63EFBC-56C1-4BAB-A898-001F8041ED69}"
EndProject
Project("{FAE04EC0-301F-11D3-BF4B-00C04F79EFBC}") = "阅卷评分系统", "阅卷评分系统\阅卷评分系统.csproj", "{E38E4343-55A9-47C5-9728-F35A215830FE}"
EndProject
Project("{FAE04EC0-301F-11D3-BF4B-00C04F79EFBC}") = "PTNFiber", "PTNFiber\PTNFiber.csproj", "{AA825020-F56F-4730-8A87-5351F8B6EC59}"
EndProject
Project("{FAE04EC0-301F-11D3-BF4B-00C04F79EFBC}") = "PTN1588V2", "PTN1588V2\PTN1588V2.csproj", "{41127017-C058-4BD0-BBDD-FE5E0969ABAC}"
EndProject
Global
	GlobalSection(SolutionConfigurationPlatforms) = preSolution
		Debug|Any CPU = Debug|Any CPU
		Release|Any CPU = Release|Any CPU
	EndGlobalSection
	GlobalSection(ProjectConfigurationPlatforms) = postSolution
		{F7C979B4-CC9A-4F07-B83E-316896523524}.Debug|Any CPU.ActiveCfg = Debug|Any CPU
		{F7C979B4-CC9A-4F07-B83E-316896523524}.Debug|Any CPU.Build.0 = Debug|Any CPU
		{F7C979B4-CC9A-4F07-B83E-316896523524}.Release|Any CPU.ActiveCfg = Release|Any CPU
		{F7C979B4-CC9A-4F07-B83E-316896523524}.Release|Any CPU.Build.0 = Release|Any CPU
		{FFEDB1AF-72D9-4471-AA8F-BDF037F497C3}.Debug|Any CPU.ActiveCfg = Debug|Any CPU
		{FFEDB1AF-72D9-4471-AA8F-BDF037F497C3}.Debug|Any CPU.Build.0 = Debug|Any CPU
		{FFEDB1AF-72D9-4471-AA8F-BDF037F497C3}.Release|Any CPU.ActiveCfg = Release|Any CPU
		{FFEDB1AF-72D9-4471-AA8F-BDF037F497C3}.Release|Any CPU.Build.0 = Release|Any CPU
		{30E614F8-3C70-4B00-B6B2-E5506AB55F0C}.Debug|Any CPU.ActiveCfg = Debug|Any CPU
		{30E614F8-3C70-4B00-B6B2-E5506AB55F0C}.Debug|Any CPU.Build.0 = Debug|Any CPU
		{30E614F8-3C70-4B00-B6B2-E5506AB55F0C}.Release|Any CPU.ActiveCfg = Release|Any CPU
		{30E614F8-3C70-4B00-B6B2-E5506AB55F0C}.Release|Any CPU.Build.0 = Release|Any CPU
		{06A2C0A3-03C1-4A7B-B744-103478C71D63}.Debug|Any CPU.ActiveCfg = Debug|Any CPU
		{06A2C0A3-03C1-4A7B-B744-103478C71D63}.Debug|Any CPU.Build.0 = Debug|Any CPU
		{06A2C0A3-03C1-4A7B-B744-103478C71D63}.Release|Any CPU.ActiveCfg = Release|Any CPU
		{06A2C0A3-03C1-4A7B-B744-103478C71D63}.Release|Any CPU.Build.0 = Release|Any CPU
		{E18D1A16-BED6-4548-9AA4-FB3C7BC58A8D}.Debug|Any CPU.ActiveCfg = Debug|Any CPU
		{E18D1A16-BED6-4548-9AA4-FB3C7BC58A8D}.Debug|Any CPU.Build.0 = Debug|Any CPU
		{E18D1A16-BED6-4548-9AA4-FB3C7BC58A8D}.Release|Any CPU.ActiveCfg = Release|Any CPU
		{E18D1A16-BED6-4548-9AA4-FB3C7BC58A8D}.Release|Any CPU.Build.0 = Release|Any CPU
		{8D63EFBC-56C1-4BAB-A898-001F8041ED69}.Debug|Any CPU.ActiveCfg = Debug|Any CPU
		{8D63EFBC-56C1-4BAB-A898-001F8041ED69}.Debug|Any CPU.Build.0 = Debug|Any CPU
		{8D63EFBC-56C1-4BAB-A898-001F8041ED69}.Release|Any CPU.ActiveCfg = Release|Any CPU
		{8D63EFBC-56C1-4BAB-A898-001F8041ED69}.Release|Any CPU.Build.0 = Release|Any CPU
		{E38E4343-55A9-47C5-9728-F35A215830FE}.Debug|Any CPU.ActiveCfg = Debug|Any CPU
		{E38E4343-55A9-47C5-9728-F35A215830FE}.Debug|Any CPU.Build.0 = Debug|Any CPU
		{E38E4343-55A9-47C5-9728-F35A215830FE}.Release|Any CPU.ActiveCfg = Release|Any CPU
		{E38E4343-55A9-47C5-9728-F35A215830FE}.Release|Any CPU.Build.0 = Release|Any CPU
		{AA825020-F56F-4730-8A87-5351F8B6EC59}.Debug|Any CPU.ActiveCfg = Debug|Any CPU
		{AA825020-F56F-4730-8A87-5351F8B6EC59}.Debug|Any CPU.Build.0 = Debug|Any CPU
		{AA825020-F56F-4730-8A87-5351F8B6EC59}.Release|Any CPU.ActiveCfg = Release|Any CPU
		{AA825020-F56F-4730-8A87-5351F8B6EC59}.Release|Any CPU.Build.0 = Release|Any CPU
		{41127017-C058-4BD0-BBDD-FE5E0969ABAC}.Debug|Any CPU.ActiveCfg = Debug|Any CPU
		{41127017-C058-4BD0-BBDD-FE5E0969ABAC}.Debug|Any CPU.Build.0 = Debug|Any CPU
		{41127017-C058-4BD0-BBDD-FE5E0969ABAC}.Release|Any CPU.ActiveCfg = Release|Any CPU
		{41127017-C058-4BD0-BBDD-FE5E0969ABAC}.Release|Any CPU.Build.0 = Release|Any CPU
	EndGlobalSection
	GlobalSection(SolutionProperties) = preSolution
		HideSolutionNode = FALSE
	EndGlobalSection
	GlobalSection(ExtensibilityGlobals) = postSolution
		SolutionGuid = {0BE79B58-AAB2-4293-9BB2-2D1EB2EFE1AD}
	EndGlobalSection
EndGlobal
