
Microsoft Visual Studio Solution File, Format Version 12.00
# Visual Studio 15
VisualStudioVersion = 15.0.28010.2019
MinimumVisualStudioVersion = 10.0.40219.1
Project("{FAE04EC0-301F-11D3-BF4B-00C04F79EFBC}") = "PTN接入层巡检工具", "PTN接入层巡检工具\PTN接入层巡检工具.csproj", "{F7C979B4-CC9A-4F07-B83E-316896523524}"
EndProject
Global
	GlobalSection(SolutionConfigurationPlatforms) = preSolution
		Debug|Any CPU = Debug|Any CPU
		Release|Any CPU = Release|Any CPU
	EndGlobalSection
	GlobalSection(ProjectConfigurationPlatforms) = postSolution
		{F7C979B4-CC9A-4F07-B83E-316896523524}.Debug|Any CPU.ActiveCfg = Debug|Any CPU
		{F7C979B4-CC9A-4F07-B83E-316896523524}.Debug|Any CPU.Build.0 = Debug|Any CPU
		{F7C979B4-CC9A-4F07-B83E-316896523524}.Release|Any CPU.ActiveCfg = Release|Any CPU
		{F7C979B4-CC9A-4F07-B83E-316896523524}.Release|Any CPU.Build.0 = Release|Any CPU
	EndGlobalSection
	GlobalSection(SolutionProperties) = preSolution
		HideSolutionNode = FALSE
	EndGlobalSection
	GlobalSection(ExtensibilityGlobals) = postSolution
		SolutionGuid = {0BE79B58-AAB2-4293-9BB2-2D1EB2EFE1AD}
	EndGlobalSection
EndGlobal
